
Microsoft Visual Studio Solution File, Format Version 12.00
# Visual Studio Version 17
VisualStudioVersion = 17.9.34723.18
MinimumVisualStudioVersion = 10.0.40219.1
Project("{9A19103F-16F7-4668-BE54-9A1E7A4F7556}") = "OrderManager.Core", "OrderManager.Core\OrderManager.Core.csproj", "{7BF96B68-5ED8-40F9-B5DE-53D366F538A5}"
EndProject
Project("{9A19103F-16F7-4668-BE54-9A1E7A4F7556}") = "OrderManager.Web", "OrderManager.Web\OrderManager.Web.csproj", "{76C17C6A-6FEF-40AF-ACAC-A61E9757FD1C}"
EndProject
Project("{9A19103F-16F7-4668-BE54-9A1E7A4F7556}") = "OrderManager.UnitTests", "OrderManager.UnitTests\OrderManager.UnitTests.csproj", "{FAD183DA-991C-428B-A043-3159CC3E84EB}"
EndProject
Project("{54A90642-561A-4BB1-A94E-469ADEE60C69}") = "OrderManager.Web.Client", "OrderManager.Web.Client\OrderManager.Web.Client.esproj", "{DA017474-64B7-4DCA-A714-2FA6EBF883CF}"
EndProject
Project("{FAE04EC0-301F-11D3-BF4B-00C04F79EFBC}") = "OrderManager.Application", "OrderManager.Application\OrderManager.Application.csproj", "{D0D22A43-9AEA-4C98-BF36-0479D7855B9E}"
EndProject
Global
	GlobalSection(SolutionConfigurationPlatforms) = preSolution
		Debug|Any CPU = Debug|Any CPU
		Release|Any CPU = Release|Any CPU
	EndGlobalSection
	GlobalSection(ProjectConfigurationPlatforms) = postSolution
		{7BF96B68-5ED8-40F9-B5DE-53D366F538A5}.Debug|Any CPU.ActiveCfg = Debug|Any CPU
		{7BF96B68-5ED8-40F9-B5DE-53D366F538A5}.Debug|Any CPU.Build.0 = Debug|Any CPU
		{7BF96B68-5ED8-40F9-B5DE-53D366F538A5}.Release|Any CPU.ActiveCfg = Release|Any CPU
		{7BF96B68-5ED8-40F9-B5DE-53D366F538A5}.Release|Any CPU.Build.0 = Release|Any CPU
		{76C17C6A-6FEF-40AF-ACAC-A61E9757FD1C}.Debug|Any CPU.ActiveCfg = Debug|Any CPU
		{76C17C6A-6FEF-40AF-ACAC-A61E9757FD1C}.Debug|Any CPU.Build.0 = Debug|Any CPU
		{76C17C6A-6FEF-40AF-ACAC-A61E9757FD1C}.Release|Any CPU.ActiveCfg = Release|Any CPU
		{76C17C6A-6FEF-40AF-ACAC-A61E9757FD1C}.Release|Any CPU.Build.0 = Release|Any CPU
		{FAD183DA-991C-428B-A043-3159CC3E84EB}.Debug|Any CPU.ActiveCfg = Debug|Any CPU
		{FAD183DA-991C-428B-A043-3159CC3E84EB}.Debug|Any CPU.Build.0 = Debug|Any CPU
		{FAD183DA-991C-428B-A043-3159CC3E84EB}.Release|Any CPU.ActiveCfg = Release|Any CPU
		{FAD183DA-991C-428B-A043-3159CC3E84EB}.Release|Any CPU.Build.0 = Release|Any CPU
		{DA017474-64B7-4DCA-A714-2FA6EBF883CF}.Debug|Any CPU.ActiveCfg = Debug|Any CPU
		{DA017474-64B7-4DCA-A714-2FA6EBF883CF}.Debug|Any CPU.Build.0 = Debug|Any CPU
		{DA017474-64B7-4DCA-A714-2FA6EBF883CF}.Release|Any CPU.ActiveCfg = Debug|Any CPU
		{DA017474-64B7-4DCA-A714-2FA6EBF883CF}.Release|Any CPU.Build.0 = Debug|Any CPU
		{D0D22A43-9AEA-4C98-BF36-0479D7855B9E}.Debug|Any CPU.ActiveCfg = Debug|Any CPU
		{D0D22A43-9AEA-4C98-BF36-0479D7855B9E}.Debug|Any CPU.Build.0 = Debug|Any CPU
		{D0D22A43-9AEA-4C98-BF36-0479D7855B9E}.Release|Any CPU.ActiveCfg = Release|Any CPU
		{D0D22A43-9AEA-4C98-BF36-0479D7855B9E}.Release|Any CPU.Build.0 = Release|Any CPU
	EndGlobalSection
	GlobalSection(SolutionProperties) = preSolution
		HideSolutionNode = FALSE
	EndGlobalSection
	GlobalSection(ExtensibilityGlobals) = postSolution
		SolutionGuid = {52204786-3960-4623-AA47-4C906A513CC0}
	EndGlobalSection
EndGlobal
